
Microsoft Visual Studio Solution File, Format Version 12.00
# Visual Studio Version 17
VisualStudioVersion = 17.1.32328.378
MinimumVisualStudioVersion = 10.0.40219.1
Project("{FAE04EC0-301F-11D3-BF4B-00C04F79EFBC}") = "Kerry_Test", "Kerry_Test\Kerry_Test.csproj", "{81FD8BF6-B336-4721-8621-12640F50C339}"
EndProject
Global
	GlobalSection(SolutionConfigurationPlatforms) = preSolution
		Debug|Any CPU = Debug|Any CPU
		Release|Any CPU = Release|Any CPU
	EndGlobalSection
	GlobalSection(ProjectConfigurationPlatforms) = postSolution
		{81FD8BF6-B336-4721-8621-12640F50C339}.Debug|Any CPU.ActiveCfg = Debug|Any CPU
		{81FD8BF6-B336-4721-8621-12640F50C339}.Debug|Any CPU.Build.0 = Debug|Any CPU
		{81FD8BF6-B336-4721-8621-12640F50C339}.Release|Any CPU.ActiveCfg = Release|Any CPU
		{81FD8BF6-B336-4721-8621-12640F50C339}.Release|Any CPU.Build.0 = Release|Any CPU
	EndGlobalSection
	GlobalSection(SolutionProperties) = preSolution
		HideSolutionNode = FALSE
	EndGlobalSection
	GlobalSection(ExtensibilityGlobals) = postSolution
		SolutionGuid = {2194D6D9-CF36-40EB-92BE-A9AA10F2B500}
	EndGlobalSection
EndGlobal
